
Microsoft Visual Studio Solution File, Format Version 12.00
# Visual Studio Version 17
VisualStudioVersion = 17.0.32014.148
MinimumVisualStudioVersion = 10.0.40219.1
Project("{9A19103F-16F7-4668-BE54-9A1E7A4F7556}") = "GripWindow", "GripWindow\GripWindow.csproj", "{23795403-BC6C-4669-A643-EB0311F1C860}"
EndProject
Global
	GlobalSection(SolutionConfigurationPlatforms) = preSolution
		Debug|Any CPU = Debug|Any CPU
		Release|Any CPU = Release|Any CPU
	EndGlobalSection
	GlobalSection(ProjectConfigurationPlatforms) = postSolution
		{23795403-BC6C-4669-A643-EB0311F1C860}.Debug|Any CPU.ActiveCfg = Debug|Any CPU
		{23795403-BC6C-4669-A643-EB0311F1C860}.Debug|Any CPU.Build.0 = Debug|Any CPU
		{23795403-BC6C-4669-A643-EB0311F1C860}.Release|Any CPU.ActiveCfg = Release|Any CPU
		{23795403-BC6C-4669-A643-EB0311F1C860}.Release|Any CPU.Build.0 = Release|Any CPU
	EndGlobalSection
	GlobalSection(SolutionProperties) = preSolution
		HideSolutionNode = FALSE
	EndGlobalSection
	GlobalSection(ExtensibilityGlobals) = postSolution
		SolutionGuid = {0C8AE497-60D1-4DA1-A0D1-23AFCD445C2C}
	EndGlobalSection
EndGlobal
